{
  "originHash" : "2cea0218b555915016cf180b5f1427724e3cb65e02939c33013a81a4f877d33b",
  "pins" : [
    {
      "identity" : "hellolib",
      "kind" : "remoteSourceControl",
      "location" : "https://github.com/yume190/HelloLib",
      "state" : {
        "branch" : "main",
        "revision" : "0485f22f9a072ed9a402ac82354ef56fad3c9def"
      }
    }
  ],
  "version" : 3
}
