{
  "originHash" : "235eb156468ebaebf93c27e237534ec9c09ff78e7c6fc3db1671c7ea21a98c15",
  "pins" : [
    {
      "identity" : "hellolib",
      "kind" : "remoteSourceControl",
      "location" : "https://github.com/yume190/HelloLib",
      "state" : {
        "branch" : "main",
        "revision" : "5e4fdbae03952a3e1a874b40de7a6fa22535a60e"
      }
    }
  ],
  "version" : 3
}
